lockfileVersion: '9.0'

settings:
  autoInstallPeers: true
  excludeLinksFromLockfile: false

importers:

  .:
    dependencies:
      '@themezernx/target-parser':
        specifier: ^1.0.5
        version: 1.0.5
      directory-tree:
        specifier: ^3.5.2
        version: 3.5.2
      edit-json-file:
        specifier: ^1.8.1
        version: 1.8.1
      prettier:
        specifier: ^3.5.3
        version: 3.5.3
    devDependencies:
      '@types/edit-json-file':
        specifier: ^1.7.3
        version: 1.7.3
      '@types/node':
        specifier: ^20.17.46
        version: 20.17.46
      typescript:
        specifier: ^5.8.3
        version: 5.8.3

packages:

  '@themezernx/target-parser@1.0.5':
    resolution: {integrity: sha512-QkABjbyk175o3aoXnKtAyMdLePfZfi5mbmmWoso0qYGSN8HWSpGGIhBx2QS1qO0UNr+5E6D4qyhq4TA79MhLnQ==}

  '@types/edit-json-file@1.7.3':
    resolution: {integrity: sha512-88OYHTiVq7PNN50T+CIm+65Sl0aRweoXvTuTz4JhoQfy1FeK+wTCC9Peu1dljOqslRaqqSFlDee3wgkWMpxKHg==}

  '@types/node@20.17.46':
    resolution: {integrity: sha512-0PQHLhZPWOxGW4auogW0eOQAuNIlCYvibIpG67ja0TOJ6/sehu+1en7sfceUn+QQtx4Rk3GxbLNwPh0Cav7TWw==}

  '@types/set-value@4.0.3':
    resolution: {integrity: sha512-tSuUcLl6kMzI+l0gG7FZ04xbIcynxNIYgWFj91LPAvRcn7W3L1EveXNdVjqFDgAZPjY1qCOsm8Sb1C70SxAPHw==}

  ansi-styles@3.2.1:
    resolution: {integrity: sha512-VT0ZI6kZRdTh8YyJw3SMbYm/u+NqfsAxEpWO0Pf9sq8/e94WxxOpPKx9FR1FlyCtOVDNOQ+8ntlqFxiRc+r5qA==}
    engines: {node: '>=4'}

  array-back@3.1.0:
    resolution: {integrity: sha512-TkuxA4UCOvxuDK6NZYXCalszEzj+TLszyASooky+i742l9TqsOdYCMJJupxRic61hwquNtppB3hgcuq9SVSH1Q==}
    engines: {node: '>=6'}

  array-back@4.0.2:
    resolution: {integrity: sha512-NbdMezxqf94cnNfWLL7V/im0Ub+Anbb0IoZhvzie8+4HJ4nMQuzHuy49FkGYCJK2yAloZ3meiB6AVMClbrI1vg==}
    engines: {node: '>=8'}

  chalk@2.4.2:
    resolution: {integrity: sha512-Mti+f9lpJNcwF4tWV8/OrTTtF1gZi+f8FqlyAdouralcFWFQWF2+NgCHShjkCb+IFBLq9buZwE1xckQU4peSuQ==}
    engines: {node: '>=4'}

  color-convert@1.9.3:
    resolution: {integrity: sha512-QfAUtd+vFdAtFQcC8CCyYt1fYWxSqAiK2cSD6zDB8N3cpsEBAvRxp9zOGg6G/SHHJYAT88/az/IuDGALsNVbGg==}

  color-name@1.1.3:
    resolution: {integrity: sha512-72fSenhMw2HZMTVHeCA9KCmpEIbzWiQsjN+BHcBbS9vr1mtt+vJjPdksIBNUmKAW8TFUDPJK5SUU3QhE9NEXDw==}

  command-line-args@5.2.1:
    resolution: {integrity: sha512-H4UfQhZyakIjC74I9d34fGYDwk3XpSr17QhEd0Q3I9Xq1CETHo4Hcuo87WyWHpAF1aSLjLRf5lD9ZGX2qStUvg==}
    engines: {node: '>=4.0.0'}

  command-line-usage@6.1.3:
    resolution: {integrity: sha512-sH5ZSPr+7UStsloltmDh7Ce5fb8XPlHyoPzTpyyMuYCtervL65+ubVZ6Q61cFtFl62UyJlc8/JwERRbAFPUqgw==}
    engines: {node: '>=8.0.0'}

  deep-extend@0.6.0:
    resolution: {integrity: sha512-LOHxIOaPYdHlJRtCQfDIVZtfw/ufM8+rVj649RIHzcm/vGwQRXFt6OPqIFWsm2XEMrNIEtWR64sY1LEKD2vAOA==}
    engines: {node: '>=4.0.0'}

  directory-tree@3.5.2:
    resolution: {integrity: sha512-DsOqeZEHkZnZrVOJG3mE/J9M6J8PulImiC6I1ZpoprVlfno8GvLOPDMkxiJihklLK7B9aVudG463L1+S/kzjiw==}
    engines: {node: '>=10.0'}
    hasBin: true

  edit-json-file@1.8.1:
    resolution: {integrity: sha512-x8L381+GwqxQejPipwrUZIyAg5gDQ9tLVwiETOspgXiaQztLsrOm7luBW5+Pe31aNezuzDY79YyzF+7viCRPXA==}

  escape-string-regexp@1.0.5:
    resolution: {integrity: sha512-vbRorB5FUQWvla16U8R/qgaFIya2qGzwDrNmCZuYKrbdSUMG6I1ZCGQRefkRVhuOkIGVne7BQ35DSfo1qvJqFg==}
    engines: {node: '>=0.8.0'}

  find-replace@3.0.0:
    resolution: {integrity: sha512-6Tb2myMioCAgv5kfvP5/PkZZ/ntTpVK39fHY7WkWBgvbeE+VHd/tZuZ4mrC+bxh4cfOZeYKVPaJIZtZXV7GNCQ==}
    engines: {node: '>=4.0.0'}

  find-value@1.0.13:
    resolution: {integrity: sha512-epNL4mnl3HUYrwVQtZ8s0nxkE4ogAoSqO1V1fa670Ww1fXp8Yr74zNS9Aib/vLNf0rq0AF/4mboo7ev5XkikXQ==}

  has-flag@3.0.0:
    resolution: {integrity: sha512-sKJf1+ceQBr4SMkvQnBDNDtf4TXpVhVGateu0t918bl30FnbE2m4vNLX+VWe/dpjlb+HugGYzW7uQXH98HPEYw==}
    engines: {node: '>=4'}

  is-plain-object@2.0.4:
    resolution: {integrity: sha512-h5PpgXkWitc38BBMYawTYMWJHFZJVnBquFE57xFpjB8pJFiF6gZ+bU+WyI/yqXiFR5mdLsgYNaPe8uao6Uv9Og==}
    engines: {node: '>=0.10.0'}

  is-primitive@3.0.1:
    resolution: {integrity: sha512-GljRxhWvlCNRfZyORiH77FwdFwGcMO620o37EOYC0ORWdq+WYNVqW0w2Juzew4M+L81l6/QS3t5gkkihyRqv9w==}
    engines: {node: '>=0.10.0'}

  isobject@3.0.1:
    resolution: {integrity: sha512-WhB9zCku7EGTj/HQQRz5aUQEUeoQZH2bWcltRErOpymJ4boYE6wL9Tbr23krRPSZ+C5zqNSrSw+Cc7sZZ4b7vg==}
    engines: {node: '>=0.10.0'}

  iterate-object@1.3.5:
    resolution: {integrity: sha512-eL23u8oFooYTq6TtJKjp2RYjZnCkUYQvC0T/6fJfWykXJ3quvdDdzKZ3CEjy8b3JGOvLTjDYMEMIp5243R906A==}

  lodash.camelcase@4.3.0:
    resolution: {integrity: sha512-TwuEnCnxbc3rAvhf/LbG7tJUDzhqXyFnv3dtzLOPgCG/hODL7WFnsbwktkD7yUV0RrreP/l1PALq/YSg6VvjlA==}

  prettier@3.5.3:
    resolution: {integrity: sha512-QQtaxnoDJeAkDvDKWCLiwIXkTgRhwYDEQCghU9Z6q03iyek/rxRh/2lC3HB7P8sWT2xC/y5JDctPLBIGzHKbhw==}
    engines: {node: '>=14'}
    hasBin: true

  r-json@1.3.1:
    resolution: {integrity: sha512-5nhRFfjVMQdrwKUfUlRpDUCocdKtjSnYZ1R/86mpZDV3MfsZ3dYYNjSGuMX+mPBvFvQBhdzxSqxkuLPLv4uFGg==}

  reduce-flatten@2.0.0:
    resolution: {integrity: sha512-EJ4UNY/U1t2P/2k6oqotuX2Cc3T6nxJwsM0N0asT7dhrtH1ltUxDn4NalSYmPE2rCkVpcf/X6R0wDwcFpzhd4w==}
    engines: {node: '>=6'}

  set-value@4.1.0:
    resolution: {integrity: sha512-zTEg4HL0RwVrqcWs3ztF+x1vkxfm0lP+MQQFPiMJTKVceBwEV0A569Ou8l9IYQG8jOZdMVI1hGsc0tmeD2o/Lw==}
    engines: {node: '>=11.0'}

  supports-color@5.5.0:
    resolution: {integrity: sha512-QjVjwdXIt408MIiAqCX4oUKsgU2EqAGzs2Ppkm4aQYbjm+ZEWEcW4SfFNTr4uMNZma0ey4f5lgLrkB0aX0QMow==}
    engines: {node: '>=4'}

  table-layout@1.0.2:
    resolution: {integrity: sha512-qd/R7n5rQTRFi+Zf2sk5XVVd9UQl6ZkduPFC3S7WEGJAmetDTjY3qPN50eSKzwuzEyQKy5TN2TiZdkIjos2L6A==}
    engines: {node: '>=8.0.0'}

  typescript@5.8.3:
    resolution: {integrity: sha512-p1diW6TqL9L07nNxvRMM7hMMw4c5XOo/1ibL4aAIGmSAt9slTE1Xgw5KWuof2uTOvCg9BY7ZRi+GaF+7sfgPeQ==}
    engines: {node: '>=14.17'}
    hasBin: true

  typical@4.0.0:
    resolution: {integrity: sha512-VAH4IvQ7BDFYglMd7BPRDfLgxZZX4O4TFcRDA6EN5X7erNJJq+McIEp8np9aVtxrCJ6qx4GTYVfOWNjcqwZgRw==}
    engines: {node: '>=8'}

  typical@5.2.0:
    resolution: {integrity: sha512-dvdQgNDNJo+8B2uBQoqdb11eUCE1JQXhvjC/CZtgvZseVd5TYMXnq0+vuUemXbd/Se29cTaUuPX3YIc2xgbvIg==}
    engines: {node: '>=8'}

  undici-types@6.19.8:
    resolution: {integrity: sha512-ve2KP6f/JnbPBFyobGHuerC9g1FYGn/F8n1LWTwNxCEzd6IfqTwUQcNXgEtmmQ6DlRrC1hrSrBnCZPokRrDHjw==}

  w-json@1.3.10:
    resolution: {integrity: sha512-XadVyw0xE+oZ5FGApXsdswv96rOhStzKqL53uSe5UaTadABGkWIg1+DTx8kiZ/VqTZTBneoL0l65RcPe4W3ecw==}

  w-json@1.3.11:
    resolution: {integrity: sha512-Xa8vTinB5XBIYZlcN8YyHpE625pBU6k+lvCetTQM+FKxRtLJxAY9zUVZbRqCqkMeEGbQpKvGUzwh4wZKGem+ag==}

  wordwrapjs@4.0.1:
    resolution: {integrity: sha512-kKlNACbvHrkpIw6oPeYDSmdCTu2hdMHoyXLTcUKala++lx5Y+wjJ/e474Jqv5abnVmwxw08DiTuHmw69lJGksA==}
    engines: {node: '>=8.0.0'}

snapshots:

  '@themezernx/target-parser@1.0.5': {}

  '@types/edit-json-file@1.7.3':
    dependencies:
      '@types/node': 20.17.46
      '@types/set-value': 4.0.3

  '@types/node@20.17.46':
    dependencies:
      undici-types: 6.19.8

  '@types/set-value@4.0.3': {}

  ansi-styles@3.2.1:
    dependencies:
      color-convert: 1.9.3

  array-back@3.1.0: {}

  array-back@4.0.2: {}

  chalk@2.4.2:
    dependencies:
      ansi-styles: 3.2.1
      escape-string-regexp: 1.0.5
      supports-color: 5.5.0

  color-convert@1.9.3:
    dependencies:
      color-name: 1.1.3

  color-name@1.1.3: {}

  command-line-args@5.2.1:
    dependencies:
      array-back: 3.1.0
      find-replace: 3.0.0
      lodash.camelcase: 4.3.0
      typical: 4.0.0

  command-line-usage@6.1.3:
    dependencies:
      array-back: 4.0.2
      chalk: 2.4.2
      table-layout: 1.0.2
      typical: 5.2.0

  deep-extend@0.6.0: {}

  directory-tree@3.5.2:
    dependencies:
      command-line-args: 5.2.1
      command-line-usage: 6.1.3

  edit-json-file@1.8.1:
    dependencies:
      find-value: 1.0.13
      iterate-object: 1.3.5
      r-json: 1.3.1
      set-value: 4.1.0
      w-json: 1.3.11

  escape-string-regexp@1.0.5: {}

  find-replace@3.0.0:
    dependencies:
      array-back: 3.1.0

  find-value@1.0.13: {}

  has-flag@3.0.0: {}

  is-plain-object@2.0.4:
    dependencies:
      isobject: 3.0.1

  is-primitive@3.0.1: {}

  isobject@3.0.1: {}

  iterate-object@1.3.5: {}

  lodash.camelcase@4.3.0: {}

  prettier@3.5.3: {}

  r-json@1.3.1:
    dependencies:
      w-json: 1.3.10

  reduce-flatten@2.0.0: {}

  set-value@4.1.0:
    dependencies:
      is-plain-object: 2.0.4
      is-primitive: 3.0.1

  supports-color@5.5.0:
    dependencies:
      has-flag: 3.0.0

  table-layout@1.0.2:
    dependencies:
      array-back: 4.0.2
      deep-extend: 0.6.0
      typical: 5.2.0
      wordwrapjs: 4.0.1

  typescript@5.8.3: {}

  typical@4.0.0: {}

  typical@5.2.0: {}

  undici-types@6.19.8: {}

  w-json@1.3.10: {}

  w-json@1.3.11: {}

  wordwrapjs@4.0.1:
    dependencies:
      reduce-flatten: 2.0.0
      typical: 5.2.0
