# THIS IS AN AUTOGENERATED FILE. DO NOT EDIT THIS FILE DIRECTLY.
# yarn lockfile v1


"@types/node@^14.0.27":
  version "14.17.17"
  resolved "https://registry.yarnpkg.com/@types/node/-/node-14.17.17.tgz#4ec7b71bbcb01a4e55455b60b18b1b6a783fe31d"
  integrity sha512-niAjcewgEYvSPCZm3OaM9y6YQrL2SEPH9PymtE6fuZAvFiP6ereCcvApGl2jKTq7copTIguX3PBvfP08LN4LvQ==

"@types/prettier@^2.0.0":
  version "2.3.2"
  resolved "https://registry.yarnpkg.com/@types/prettier/-/prettier-2.3.2.tgz#fc8c2825e4ed2142473b4a81064e6e081463d1b3"
  integrity sha512-eI5Yrz3Qv4KPUa/nSIAi0h+qX0XyewOliug5F2QAtuRg6Kjg6jfmxe1GIwoIRhZspD1A0RP8ANrPwvEXXtRFog==

assert-options@0.7.0:
  version "0.7.0"
  resolved "https://registry.yarnpkg.com/assert-options/-/assert-options-0.7.0.tgz#82c27618d9c0baa5e9da8ef607ee261a44ed6e5e"
  integrity sha512-7q9uNH/Dh8gFgpIIb9ja8PJEWA5AQy3xnBC8jtKs8K/gNVCr1K6kIvlm59HUyYgvM7oEDoLzGgPcGd9FqhtXEQ==

buffer-writer@2.0.0:
  version "2.0.0"
  resolved "https://registry.yarnpkg.com/buffer-writer/-/buffer-writer-2.0.0.tgz#ce7eb81a38f7829db09c873f2fbb792c0c98ec04"
  integrity sha512-a7ZpuTZU1TRtnwyCNW3I5dc0wWNC3VR9S++Ewyk2HHZdrO3CQJqSpd+95Us590V6AL7JqUAH2IwZ/398PmNFgw==

dotenv@^10.0.0:
  version "10.0.0"
  resolved "https://registry.yarnpkg.com/dotenv/-/dotenv-10.0.0.tgz#3d4227b8fb95f81096cdd2b66653fb2c7085ba81"
  integrity sha512-rlBi9d8jpv9Sf1klPjNfFAuWDjKLwTIJJ/VxtoTwIR6hnZxcEOQCZg2oIL3MWBYw5GpUDKOEnND7LXTbIpQ03Q==

edit-json-file@^1.4.0:
  version "1.6.0"
  resolved "https://registry.yarnpkg.com/edit-json-file/-/edit-json-file-1.6.0.tgz#ff51a1648e40ab7613c912f33a2d1079d9b03f63"
  integrity sha512-m2l38nUbRLxE4rfKC03PYujSGsjpGlF9PyenteiT/rXCGdk7CVoSS2BJEiGUBoAPfGSsiZv8yA5x81WAoQJbuQ==
  dependencies:
    find-value "^1.0.3"
    iterate-object "^1.3.2"
    r-json "^1.2.5"
    set-value "^3.0.1"
    w-json "^1.3.5"

find-value@^1.0.3:
  version "1.0.12"
  resolved "https://registry.yarnpkg.com/find-value/-/find-value-1.0.12.tgz#68b6cec84e5b2d51272965e0bf09b26c9159c26e"
  integrity sha512-OCpo8LTk8eZ2sdDCwbU2Lc3ivYsdM6yod6jP2jHcNEFcjPhkgH0+POzTIol7xx1LZgtbI5rkO5jqxsG5MWtPjQ==

inherits@^2.0.3:
  version "2.0.4"
  resolved "https://registry.yarnpkg.com/inherits/-/inherits-2.0.4.tgz#0fa2c64f932917c3433a0ded55363aae37416b7c"
  integrity sha512-k/vGaX4/Yla3WzyMCvTQOXYeIHvqOKtnqBduzTHpzpQZzAskKMhZ2K+EnBiSM9zGSoIFeMpXKxa4dYeZIQqewQ==

is-plain-object@^2.0.4:
  version "2.0.4"
  resolved "https://registry.yarnpkg.com/is-plain-object/-/is-plain-object-2.0.4.tgz#2c163b3fafb1b606d9d17928f05c2a1c38e07677"
  integrity sha512-h5PpgXkWitc38BBMYawTYMWJHFZJVnBquFE57xFpjB8pJFiF6gZ+bU+WyI/yqXiFR5mdLsgYNaPe8uao6Uv9Og==
  dependencies:
    isobject "^3.0.1"

isobject@^3.0.1:
  version "3.0.1"
  resolved "https://registry.yarnpkg.com/isobject/-/isobject-3.0.1.tgz#4e431e92b11a9731636aa1f9c8d1ccbcfdab78df"
  integrity sha1-TkMekrEalzFjaqH5yNHMvP2reN8=

iterate-object@^1.3.2:
  version "1.3.4"
  resolved "https://registry.yarnpkg.com/iterate-object/-/iterate-object-1.3.4.tgz#fa50b1d9e58e340a7dd6b4c98c8a5e182e790096"
  integrity sha512-4dG1D1x/7g8PwHS9aK6QV5V94+ZvyP4+d19qDv43EzImmrndysIl4prmJ1hWWIGCqrZHyaHBm6BSEWHOLnpoNw==

packet-reader@1.0.0:
  version "1.0.0"
  resolved "https://registry.yarnpkg.com/packet-reader/-/packet-reader-1.0.0.tgz#9238e5480dedabacfe1fe3f2771063f164157d74"
  integrity sha512-HAKu/fG3HpHFO0AA8WE8q2g+gBJaZ9MG7fcKk+IJPLTGAD6Psw4443l+9DGRbOIh3/aXr7Phy0TjilYivJo5XQ==

pg-connection-string@^2.5.0:
  version "2.5.0"
  resolved "https://registry.yarnpkg.com/pg-connection-string/-/pg-connection-string-2.5.0.tgz#538cadd0f7e603fc09a12590f3b8a452c2c0cf34"
  integrity sha512-r5o/V/ORTA6TmUnyWZR9nCj1klXCO2CEKNRlVuJptZe85QuhFayC7WeMic7ndayT5IRIR0S0xFxFi2ousartlQ==

pg-int8@1.0.1:
  version "1.0.1"
  resolved "https://registry.yarnpkg.com/pg-int8/-/pg-int8-1.0.1.tgz#943bd463bf5b71b4170115f80f8efc9a0c0eb78c"
  integrity sha512-WCtabS6t3c8SkpDBUlb1kjOs7l66xsGdKpIPZsg4wR+B3+u9UAum2odSsF9tnvxg80h4ZxLWMy4pRjOsFIqQpw==

pg-minify@1.6.2:
  version "1.6.2"
  resolved "https://registry.yarnpkg.com/pg-minify/-/pg-minify-1.6.2.tgz#055acfe862cfca3ca0a529020846b0f308d68e70"
  integrity sha512-1KdmFGGTP6jplJoI8MfvRlfvMiyBivMRP7/ffh4a11RUFJ7kC2J0ZHlipoKiH/1hz+DVgceon9U2qbaHpPeyPg==

pg-pool@^3.4.1:
  version "3.4.1"
  resolved "https://registry.yarnpkg.com/pg-pool/-/pg-pool-3.4.1.tgz#0e71ce2c67b442a5e862a9c182172c37eda71e9c"
  integrity sha512-TVHxR/gf3MeJRvchgNHxsYsTCHQ+4wm3VIHSS19z8NC0+gioEhq1okDY1sm/TYbfoP6JLFx01s0ShvZ3puP/iQ==

pg-promise@^10.11.0:
  version "10.11.0"
  resolved "https://registry.yarnpkg.com/pg-promise/-/pg-promise-10.11.0.tgz#ae6708983650eee438d976e71d1d36476fefb559"
  integrity sha512-UntgHZNv+gpGJKhh+tzGSGHLkniKWV+ZQ8/SNdtvElsg9Aa7ZJ4Fgyl6pl2x0ZtJ7uFNy+OIq3Z+Ei6iplqTDQ==
  dependencies:
    assert-options "0.7.0"
    pg "8.7.1"
    pg-minify "1.6.2"
    spex "3.2.0"

pg-protocol@^1.5.0:
  version "1.5.0"
  resolved "https://registry.yarnpkg.com/pg-protocol/-/pg-protocol-1.5.0.tgz#b5dd452257314565e2d54ab3c132adc46565a6a0"
  integrity sha512-muRttij7H8TqRNu/DxrAJQITO4Ac7RmX3Klyr/9mJEOBeIpgnF8f9jAfRz5d3XwQZl5qBjF9gLsUtMPJE0vezQ==

pg-types@^2.1.0:
  version "2.2.0"
  resolved "https://registry.yarnpkg.com/pg-types/-/pg-types-2.2.0.tgz#2d0250d636454f7cfa3b6ae0382fdfa8063254a3"
  integrity sha512-qTAAlrEsl8s4OiEQY69wDvcMIdQN6wdz5ojQiOy6YRMuynxenON0O5oCpJI6lshc6scgAY8qvJ2On/p+CXY0GA==
  dependencies:
    pg-int8 "1.0.1"
    postgres-array "~2.0.0"
    postgres-bytea "~1.0.0"
    postgres-date "~1.0.4"
    postgres-interval "^1.1.0"

pg@8.7.1:
  version "8.7.1"
  resolved "https://registry.yarnpkg.com/pg/-/pg-8.7.1.tgz#9ea9d1ec225980c36f94e181d009ab9f4ce4c471"
  integrity sha512-7bdYcv7V6U3KAtWjpQJJBww0UEsWuh4yQ/EjNf2HeO/NnvKjpvhEIe/A/TleP6wtmSKnUnghs5A9jUoK6iDdkA==
  dependencies:
    buffer-writer "2.0.0"
    packet-reader "1.0.0"
    pg-connection-string "^2.5.0"
    pg-pool "^3.4.1"
    pg-protocol "^1.5.0"
    pg-types "^2.1.0"
    pgpass "1.x"

pgpass@1.x:
  version "1.0.4"
  resolved "https://registry.yarnpkg.com/pgpass/-/pgpass-1.0.4.tgz#85eb93a83800b20f8057a2b029bf05abaf94ea9c"
  integrity sha512-YmuA56alyBq7M59vxVBfPJrGSozru8QAdoNlWuW3cz8l+UX3cWge0vTvjKhsSHSJpo3Bom8/Mm6hf0TR5GY0+w==
  dependencies:
    split2 "^3.1.1"

postgres-array@~2.0.0:
  version "2.0.0"
  resolved "https://registry.yarnpkg.com/postgres-array/-/postgres-array-2.0.0.tgz#48f8fce054fbc69671999329b8834b772652d82e"
  integrity sha512-VpZrUqU5A69eQyW2c5CA1jtLecCsN2U/bD6VilrFDWq5+5UIEVO7nazS3TEcHf1zuPYO/sqGvUvW62g86RXZuA==

postgres-bytea@~1.0.0:
  version "1.0.0"
  resolved "https://registry.yarnpkg.com/postgres-bytea/-/postgres-bytea-1.0.0.tgz#027b533c0aa890e26d172d47cf9ccecc521acd35"
  integrity sha1-AntTPAqokOJtFy1Hz5zOzFIazTU=

postgres-date@~1.0.4:
  version "1.0.7"
  resolved "https://registry.yarnpkg.com/postgres-date/-/postgres-date-1.0.7.tgz#51bc086006005e5061c591cee727f2531bf641a8"
  integrity sha512-suDmjLVQg78nMK2UZ454hAG+OAW+HQPZ6n++TNDUX+L0+uUlLywnoxJKDou51Zm+zTCjrCl0Nq6J9C5hP9vK/Q==

postgres-interval@^1.1.0:
  version "1.2.0"
  resolved "https://registry.yarnpkg.com/postgres-interval/-/postgres-interval-1.2.0.tgz#b460c82cb1587507788819a06aa0fffdb3544695"
  integrity sha512-9ZhXKM/rw350N1ovuWHbGxnGh/SNJ4cnxHiM0rxE4VN41wsg8P8zWn9hv/buK00RP4WvlOyr/RBDiptyxVbkZQ==
  dependencies:
    xtend "^4.0.0"

prettier@^2.0.5:
  version "2.4.1"
  resolved "https://registry.yarnpkg.com/prettier/-/prettier-2.4.1.tgz#671e11c89c14a4cfc876ce564106c4a6726c9f5c"
  integrity sha512-9fbDAXSBcc6Bs1mZrDYb3XKzDLm4EXXL9sC1LqKP5rZkT6KRr/rf9amVUcODVXgguK/isJz0d0hP72WeaKWsvA==

r-json@^1.2.5:
  version "1.2.10"
  resolved "https://registry.yarnpkg.com/r-json/-/r-json-1.2.10.tgz#62a73d9cafa7eabf670e5c2812c27bdb220a968b"
  integrity sha512-hu9vyLjSlHXT62NAS7DjI9WazDlvjN0lgp3n431dCVnirVcLkZIpzSwA3orhZEKzdDD2jqNYI+w0yG0aFf4kpA==

readable-stream@^3.0.0:
  version "3.6.0"
  resolved "https://registry.yarnpkg.com/readable-stream/-/readable-stream-3.6.0.tgz#337bbda3adc0706bd3e024426a286d4b4b2c9198"
  integrity sha512-BViHy7LKeTz4oNnkcLJ+lVSL6vpiFeX6/d3oSH8zCW7UxP2onchk+vTGB143xuFjHS3deTgkKoXXymXqymiIdA==
  dependencies:
    inherits "^2.0.3"
    string_decoder "^1.1.1"
    util-deprecate "^1.0.1"

safe-buffer@~5.2.0:
  version "5.2.1"
  resolved "https://registry.yarnpkg.com/safe-buffer/-/safe-buffer-5.2.1.tgz#1eaf9fa9bdb1fdd4ec75f58f9cdb4e6b7827eec6"
  integrity sha512-rp3So07KcdmmKbGvgaNxQSJr7bGVSVk5S9Eq1F+ppbRo70+YeaDxkw5Dd8NPN+GD6bjnYm2VuPuCXmpuYvmCXQ==

set-value@^3.0.1:
  version "3.0.2"
  resolved "https://registry.yarnpkg.com/set-value/-/set-value-3.0.2.tgz#74e8ecd023c33d0f77199d415409a40f21e61b90"
  integrity sha512-npjkVoz+ank0zjlV9F47Fdbjfj/PfXyVhZvGALWsyIYU/qrMzpi6avjKW3/7KeSU2Df3I46BrN1xOI1+6vW0hA==
  dependencies:
    is-plain-object "^2.0.4"

spex@3.2.0:
  version "3.2.0"
  resolved "https://registry.yarnpkg.com/spex/-/spex-3.2.0.tgz#fa4a21922407e112624977b445a6d634578a1127"
  integrity sha512-9srjJM7NaymrpwMHvSmpDeIK5GoRMX/Tq0E8aOlDPS54dDnDUIp30DrP9SphMPEETDLzEM9+4qo+KipmbtPecg==

split2@^3.1.1:
  version "3.2.2"
  resolved "https://registry.yarnpkg.com/split2/-/split2-3.2.2.tgz#bf2cf2a37d838312c249c89206fd7a17dd12365f"
  integrity sha512-9NThjpgZnifTkJpzTZ7Eue85S49QwpNhZTq6GRJwObb6jnLFNGB7Qm73V5HewTROPyxD0C29xqmaI68bQtV+hg==
  dependencies:
    readable-stream "^3.0.0"

string_decoder@^1.1.1:
  version "1.3.0"
  resolved "https://registry.yarnpkg.com/string_decoder/-/string_decoder-1.3.0.tgz#42f114594a46cf1a8e30b0a84f56c78c3edac21e"
  integrity sha512-hkRX8U1WjJFd8LsDJ2yQ/wWWxaopEsABU1XfkM8A+j0+85JAGppt16cr1Whg6KIbb4okU6Mql6BOj+uup/wKeA==
  dependencies:
    safe-buffer "~5.2.0"

typescript@^4.4.3:
  version "4.4.3"
  resolved "https://registry.yarnpkg.com/typescript/-/typescript-4.4.3.tgz#bdc5407caa2b109efd4f82fe130656f977a29324"
  integrity sha512-4xfscpisVgqqDfPaJo5vkd+Qd/ItkoagnHpufr+i2QCHBsNYp+G7UAoyFl8aPtx879u38wPV65rZ8qbGZijalA==

util-deprecate@^1.0.1:
  version "1.0.2"
  resolved "https://registry.yarnpkg.com/util-deprecate/-/util-deprecate-1.0.2.tgz#450d4dc9fa70de732762fbd2d4a28981419a0ccf"
  integrity sha1-RQ1Nyfpw3nMnYvvS1KKJgUGaDM8=

uuid@^8.3.2:
  version "8.3.2"
  resolved "https://registry.yarnpkg.com/uuid/-/uuid-8.3.2.tgz#80d5b5ced271bb9af6c445f21a1a04c606cefbe2"
  integrity sha512-+NYs2QeMWy+GWFOEm9xnn6HCDp0l7QBD7ml8zLUmJ+93Q5NF0NocErnwkTkXVFNiX3/fpC6afS8Dhb/gz7R7eg==

w-json@^1.3.5:
  version "1.3.10"
  resolved "https://registry.yarnpkg.com/w-json/-/w-json-1.3.10.tgz#ac448a19ca22376e2753a684b52369c7b1e83313"
  integrity sha512-XadVyw0xE+oZ5FGApXsdswv96rOhStzKqL53uSe5UaTadABGkWIg1+DTx8kiZ/VqTZTBneoL0l65RcPe4W3ecw==

xtend@^4.0.0:
  version "4.0.2"
  resolved "https://registry.yarnpkg.com/xtend/-/xtend-4.0.2.tgz#bb72779f5fa465186b1f438f674fa347fdb5db54"
  integrity sha512-LKYU1iAXJXUgAXn9URjiu+MWhyUXHsvfp7mcuYm9dSUKK0/CjtrUwFAxD82/mCWbtLsGjFIad0wIsod4zrTAEQ==
